
Microsoft Visual Studio Solution File, Format Version 12.00
# Visual Studio Version 17
VisualStudioVersion = 17.8.34316.72
MinimumVisualStudioVersion = 10.0.40219.1
Project("{FAE04EC0-301F-11D3-BF4B-00C04F79EFBC}") = "PAEG6", "PAEG6\PAEG6.csproj", "{D9423C69-71A5-4C6B-BDAB-A9FCA971F265}"
EndProject
Global
	GlobalSection(SolutionConfigurationPlatforms) = preSolution
		Debug|Any CPU = Debug|Any CPU
		Release|Any CPU = Release|Any CPU
	EndGlobalSection
	GlobalSection(ProjectConfigurationPlatforms) = postSolution
		{D9423C69-71A5-4C6B-BDAB-A9FCA971F265}.Debug|Any CPU.ActiveCfg = Debug|Any CPU
		{D9423C69-71A5-4C6B-BDAB-A9FCA971F265}.Debug|Any CPU.Build.0 = Debug|Any CPU
		{D9423C69-71A5-4C6B-BDAB-A9FCA971F265}.Release|Any CPU.ActiveCfg = Release|Any CPU
		{D9423C69-71A5-4C6B-BDAB-A9FCA971F265}.Release|Any CPU.Build.0 = Release|Any CPU
	EndGlobalSection
	GlobalSection(SolutionProperties) = preSolution
		HideSolutionNode = FALSE
	EndGlobalSection
	GlobalSection(ExtensibilityGlobals) = postSolution
		SolutionGuid = {6741D84B-0606-45C6-9AB1-1A3EA0072585}
	EndGlobalSection
EndGlobal
